
Microsoft Visual Studio Solution File, Format Version 12.00
# Visual Studio 2013
VisualStudioVersion = 12.0.21005.1
MinimumVisualStudioVersion = 10.0.40219.1
Project("{FAE04EC0-301F-11D3-BF4B-00C04F79EFBC}") = "Terminal", "Terminal\Terminal.csproj", "{622B28E0-9DED-4263-B421-6170505FAC7D}"
EndProject
Project("{FAE04EC0-301F-11D3-BF4B-00C04F79EFBC}") = "CodedUITest", "CodedUITest\CodedUITest.csproj", "{B4B1AE50-73C8-442F-8163-4FF9601E911E}"
EndProject
Project("{FAE04EC0-301F-11D3-BF4B-00C04F79EFBC}") = "SpecFlow", "SpecFlow\SpecFlow.csproj", "{0249B8E9-0F67-46C4-B2BA-02841A7994AD}"
EndProject
Project("{2150E333-8FDC-42A3-9474-1A3956D46DE8}") = ".nuget", ".nuget", "{2C6479F7-B6E3-48A5-A095-E984CF6FDF76}"
	ProjectSection(SolutionItems) = preProject
		.nuget\packages.config = .nuget\packages.config
	EndProjectSection
EndProject
Global
	GlobalSection(SolutionConfigurationPlatforms) = preSolution
		Debug|Any CPU = Debug|Any CPU
		Release|Any CPU = Release|Any CPU
	EndGlobalSection
	GlobalSection(ProjectConfigurationPlatforms) = postSolution
		{622B28E0-9DED-4263-B421-6170505FAC7D}.Debug|Any CPU.ActiveCfg = Debug|Any CPU
		{622B28E0-9DED-4263-B421-6170505FAC7D}.Debug|Any CPU.Build.0 = Debug|Any CPU
		{622B28E0-9DED-4263-B421-6170505FAC7D}.Release|Any CPU.ActiveCfg = Release|Any CPU
		{622B28E0-9DED-4263-B421-6170505FAC7D}.Release|Any CPU.Build.0 = Release|Any CPU
		{B4B1AE50-73C8-442F-8163-4FF9601E911E}.Debug|Any CPU.ActiveCfg = Debug|Any CPU
		{B4B1AE50-73C8-442F-8163-4FF9601E911E}.Debug|Any CPU.Build.0 = Debug|Any CPU
		{B4B1AE50-73C8-442F-8163-4FF9601E911E}.Release|Any CPU.ActiveCfg = Release|Any CPU
		{B4B1AE50-73C8-442F-8163-4FF9601E911E}.Release|Any CPU.Build.0 = Release|Any CPU
		{0249B8E9-0F67-46C4-B2BA-02841A7994AD}.Debug|Any CPU.ActiveCfg = Debug|Any CPU
		{0249B8E9-0F67-46C4-B2BA-02841A7994AD}.Debug|Any CPU.Build.0 = Debug|Any CPU
		{0249B8E9-0F67-46C4-B2BA-02841A7994AD}.Release|Any CPU.ActiveCfg = Release|Any CPU
		{0249B8E9-0F67-46C4-B2BA-02841A7994AD}.Release|Any CPU.Build.0 = Release|Any CPU
	EndGlobalSection
	GlobalSection(SolutionProperties) = preSolution
		HideSolutionNode = FALSE
	EndGlobalSection
EndGlobal
